// !$*UTF8*$!
{
	archiveVersion = 1;
	classes = {
	};
	objectVersion = 46;
	objects = {

/* Begin PBXBuildFile section */
		97765454169DD57C00D6C8C5 /* UIKit.framework in Frameworks */ = {isa = PBXBuildFile; fileRef = 97765453169DD57C00D6C8C5 /* UIKit.framework */; };
		97765456169DD57C00D6C8C5 /* Foundation.framework in Frameworks */ = {isa = PBXBuildFile; fileRef = 97765455169DD57C00D6C8C5 /* Foundation.framework */; };
		97765458169DD57C00D6C8C5 /* CoreGraphics.framework in Frameworks */ = {isa = PBXBuildFile; fileRef = 97765457169DD57C00D6C8C5 /* CoreGraphics.framework */; };
		9776545A169DD57C00D6C8C5 /* CoreData.framework in Frameworks */ = {isa = PBXBuildFile; fileRef = 97765459169DD57C00D6C8C5 /* CoreData.framework */; };
		97765460169DD57C00D6C8C5 /* InfoPlist.strings in Resources */ = {isa = PBXBuildFile; fileRef = 9776545E169DD57C00D6C8C5 /* InfoPlist.strings */; };
		97765462169DD57C00D6C8C5 /* main.m in Sources */ = {isa = PBXBuildFile; fileRef = 97765461169DD57C00D6C8C5 /* main.m */; };
		97765466169DD57C00D6C8C5 /* AppDelegate.m in Sources */ = {isa = PBXBuildFile; fileRef = 97765465169DD57C00D6C8C5 /* AppDelegate.m */; };
		97765469169DD57C00D6C8C5 /* GmailSlideShow.xcdatamodeld in Sources */ = {isa = PBXBuildFile; fileRef = 97765467169DD57C00D6C8C5 /* GmailSlideShow.xcdatamodeld */; };
		97765471169DD57D00D6C8C5 /* SenTestingKit.framework in Frameworks */ = {isa = PBXBuildFile; fileRef = 97765470169DD57D00D6C8C5 /* SenTestingKit.framework */; };
		97765472169DD57D00D6C8C5 /* UIKit.framework in Frameworks */ = {isa = PBXBuildFile; fileRef = 97765453169DD57C00D6C8C5 /* UIKit.framework */; };
		97765473169DD57D00D6C8C5 /* Foundation.framework in Frameworks */ = {isa = PBXBuildFile; fileRef = 97765455169DD57C00D6C8C5 /* Foundation.framework */; };
		97765474169DD57D00D6C8C5 /* CoreData.framework in Frameworks */ = {isa = PBXBuildFile; fileRef = 97765459169DD57C00D6C8C5 /* CoreData.framework */; };
		9776547C169DD57D00D6C8C5 /* InfoPlist.strings in Resources */ = {isa = PBXBuildFile; fileRef = 9776547A169DD57D00D6C8C5 /* InfoPlist.strings */; };
		9776547F169DD57D00D6C8C5 /* GmailSlideShowTests.m in Sources */ = {isa = PBXBuildFile; fileRef = 9776547E169DD57D00D6C8C5 /* GmailSlideShowTests.m */; };
/* End PBXBuildFile section */

/* Begin PBXContainerItemProxy section */
		97765475169DD57D00D6C8C5 /* PBXContainerItemProxy */ = {
			isa = PBXContainerItemProxy;
			containerPortal = 97765446169DD57C00D6C8C5 /* Project object */;
			proxyType = 1;
			remoteGlobalIDString = 9776544E169DD57C00D6C8C5;
			remoteInfo = GmailSlideShow;
		};
/* End PBXContainerItemProxy section */

/* Begin PBXFileReference section */
		9776544F169DD57C00D6C8C5 /* GmailSlideShow.app */ = {isa = PBXFileReference; explicitFileType = wrapper.application; includeInIndex = 0; path = GmailSlideShow.app; sourceTree = BUILT_PRODUCTS_DIR; };
		97765453169DD57C00D6C8C5 /* UIKit.framework */ = {isa = PBXFileReference; lastKnownFileType = wrapper.framework; name = UIKit.framework; path = System/Library/Frameworks/UIKit.framework; sourceTree = SDKROOT; };
		97765455169DD57C00D6C8C5 /* Foundation.framework */ = {isa = PBXFileReference; lastKnownFileType = wrapper.framework; name = Foundation.framework; path = System/Library/Frameworks/Foundation.framework; sourceTree = SDKROOT; };
		97765457169DD57C00D6C8C5 /* CoreGraphics.framework */ = {isa = PBXFileReference; lastKnownFileType = wrapper.framework; name = CoreGraphics.framework; path = System/Library/Frameworks/CoreGraphics.framework; sourceTree = SDKROOT; };
		97765459169DD57C00D6C8C5 /* CoreData.framework */ = {isa = PBXFileReference; lastKnownFileType = wrapper.framework; name = CoreData.framework; path = System/Library/Frameworks/CoreData.framework; sourceTree = SDKROOT; };
		9776545D169DD57C00D6C8C5 /* GmailSlideShow-Info.plist */ = {isa = PBXFileReference; path = "GmailSlideShow-Info.plist"; sourceTree = "<group>"; };
		9776545F169DD57C00D6C8C5 /* en */ = {isa = PBXFileReference; lastKnownFileType = text.plist.strings; name = en; path = en.lproj/InfoPlist.strings; sourceTree = "<group>"; };
		97765461169DD57C00D6C8C5 /* main.m */ = {isa = PBXFileReference; lastKnownFileType = sourcecode.c.objc; path = main.m; sourceTree = "<group>"; };
		97765463169DD57C00D6C8C5 /* GmailSlideShow-Prefix.pch */ = {isa = PBXFileReference; path = "GmailSlideShow-Prefix.pch"; sourceTree = "<group>"; };
		97765464169DD57C00D6C8C5 /* AppDelegate.h */ = {isa = PBXFileReference; path = AppDelegate.h; sourceTree = "<group>"; };
		97765465169DD57C00D6C8C5 /* AppDelegate.m */ = {isa = PBXFileReference; lastKnownFileType = sourcecode.c.objc; path = AppDelegate.m; sourceTree = "<group>"; };
		97765468169DD57C00D6C8C5 /* GmailSlideShow.xcdatamodel */ = {isa = PBXFileReference; lastKnownFileType = wrapper.xcdatamodel; path = GmailSlideShow.xcdatamodel; sourceTree = "<group>"; };
		9776546F169DD57C00D6C8C5 /* GmailSlideShowTests.octest */ = {isa = PBXFileReference; explicitFileType = wrapper.cfbundle; includeInIndex = 0; path = GmailSlideShowTests.octest; sourceTree = BUILT_PRODUCTS_DIR; };
		97765470169DD57D00D6C8C5 /* SenTestingKit.framework */ = {isa = PBXFileReference; lastKnownFileType = wrapper.framework; name = SenTestingKit.framework; path = Library/Frameworks/SenTestingKit.framework; sourceTree = DEVELOPER_DIR; };
		97765479169DD57D00D6C8C5 /* GmailSlideShowTests-Info.plist */ = {isa = PBXFileReference; path = "GmailSlideShowTests-Info.plist"; sourceTree = "<group>"; };
		9776547B169DD57D00D6C8C5 /* en */ = {isa = PBXFileReference; lastKnownFileType = text.plist.strings; name = en; path = en.lproj/InfoPlist.strings; sourceTree = "<group>"; };
		9776547D169DD57D00D6C8C5 /* GmailSlideShowTests.h */ = {isa = PBXFileReference; path = GmailSlideShowTests.h; sourceTree = "<group>"; };
		9776547E169DD57D00D6C8C5 /* GmailSlideShowTests.m */ = {isa = PBXFileReference; lastKnownFileType = sourcecode.c.objc; path = GmailSlideShowTests.m; sourceTree = "<group>"; };
/* End PBXFileReference section */

/* Begin PBXFrameworksBuildPhase section */
		9776544C169DD57C00D6C8C5 /* Frameworks */ = {
			isa = PBXFrameworksBuildPhase;
			buildActionMask = 2147483647;
			files = (
				97765454169DD57C00D6C8C5 /* UIKit.framework in Frameworks */,
				97765456169DD57C00D6C8C5 /* Foundation.framework in Frameworks */,
				97765458169DD57C00D6C8C5 /* CoreGraphics.framework in Frameworks */,
				9776545A169DD57C00D6C8C5 /* CoreData.framework in Frameworks */,
			);
			runOnlyForDeploymentPostprocessing = 0;
		};
		9776546B169DD57C00D6C8C5 /* Frameworks */ = {
			isa = PBXFrameworksBuildPhase;
			buildActionMask = 2147483647;
			files = (
				97765471169DD57D00D6C8C5 /* SenTestingKit.framework in Frameworks */,
				97765472169DD57D00D6C8C5 /* UIKit.framework in Frameworks */,
				97765473169DD57D00D6C8C5 /* Foundation.framework in Frameworks */,
				97765474169DD57D00D6C8C5 /* CoreData.framework in Frameworks */,
			);
			runOnlyForDeploymentPostprocessing = 0;
		};
/* End PBXFrameworksBuildPhase section */

/* Begin PBXGroup section */
		97765444169DD57C00D6C8C5 = {
			isa = PBXGroup;
			children = (
				9776545B169DD57C00D6C8C5 /* GmailSlideShow */,
				97765477169DD57D00D6C8C5 /* GmailSlideShowTests */,
				97765452169DD57C00D6C8C5 /* Frameworks */,
				97765450169DD57C00D6C8C5 /* Products */,
			);
			sourceTree = "<group>";
		};
		97765450169DD57C00D6C8C5 /* Products */ = {
			isa = PBXGroup;
			children = (
				9776544F169DD57C00D6C8C5 /* GmailSlideShow.app */,
				9776546F169DD57C00D6C8C5 /* GmailSlideShowTests.octest */,
			);
			name = Products;
			sourceTree = "<group>";
		};
		97765452169DD57C00D6C8C5 /* Frameworks */ = {
			isa = PBXGroup;
			children = (
				97765453169DD57C00D6C8C5 /* UIKit.framework */,
				97765455169DD57C00D6C8C5 /* Foundation.framework */,
				97765457169DD57C00D6C8C5 /* CoreGraphics.framework */,
				97765459169DD57C00D6C8C5 /* CoreData.framework */,
				97765470169DD57D00D6C8C5 /* SenTestingKit.framework */,
			);
			name = Frameworks;
			sourceTree = "<group>";
		};
		9776545B169DD57C00D6C8C5 /* GmailSlideShow */ = {
			isa = PBXGroup;
			children = (
				97765464169DD57C00D6C8C5 /* AppDelegate.h */,
				97765465169DD57C00D6C8C5 /* AppDelegate.m */,
				97765467169DD57C00D6C8C5 /* GmailSlideShow.xcdatamodeld */,
				9776545C169DD57C00D6C8C5 /* Supporting Files */,
			);
			path = GmailSlideShow;
			sourceTree = "<group>";
		};
		9776545C169DD57C00D6C8C5 /* Supporting Files */ = {
			isa = PBXGroup;
			children = (
				9776545D169DD57C00D6C8C5 /* GmailSlideShow-Info.plist */,
				9776545E169DD57C00D6C8C5 /* InfoPlist.strings */,
				97765461169DD57C00D6C8C5 /* main.m */,
				97765463169DD57C00D6C8C5 /* GmailSlideShow-Prefix.pch */,
			);
			name = "Supporting Files";
			sourceTree = "<group>";
		};
		97765477169DD57D00D6C8C5 /* GmailSlideShowTests */ = {
			isa = PBXGroup;
			children = (
				9776547D169DD57D00D6C8C5 /* GmailSlideShowTests.h */,
				9776547E169DD57D00D6C8C5 /* GmailSlideShowTests.m */,
				97765478169DD57D00D6C8C5 /* Supporting Files */,
			);
			path = GmailSlideShowTests;
			sourceTree = "<group>";
		};
		97765478169DD57D00D6C8C5 /* Supporting Files */ = {
			isa = PBXGroup;
			children = (
				97765479169DD57D00D6C8C5 /* GmailSlideShowTests-Info.plist */,
				9776547A169DD57D00D6C8C5 /* InfoPlist.strings */,
			);
			name = "Supporting Files";
			sourceTree = "<group>";
		};
/* End PBXGroup section */

/* Begin PBXNativeTarget section */
		9776544E169DD57C00D6C8C5 /* GmailSlideShow */ = {
			isa = PBXNativeTarget;
			buildConfigurationList = 97765482169DD57D00D6C8C5 /* Build configuration list for PBXNativeTarget "GmailSlideShow" */;
			buildPhases = (
				9776544B169DD57C00D6C8C5 /* Sources */,
				9776544C169DD57C00D6C8C5 /* Frameworks */,
				9776544D169DD57C00D6C8C5 /* Resources */,
			);
			buildRules = (
			);
			dependencies = (
			);
			name = GmailSlideShow;
			productName = GmailSlideShow;
			productReference = 9776544F169DD57C00D6C8C5 /* GmailSlideShow.app */;
			productType = "com.apple.product-type.application";
		};
		9776546E169DD57C00D6C8C5 /* GmailSlideShowTests */ = {
			isa = PBXNativeTarget;
			buildConfigurationList = 97765485169DD57D00D6C8C5 /* Build configuration list for PBXNativeTarget "GmailSlideShowTests" */;
			buildPhases = (
				9776546A169DD57C00D6C8C5 /* Sources */,
				9776546B169DD57C00D6C8C5 /* Frameworks */,
				9776546C169DD57C00D6C8C5 /* Resources */,
				9776546D169DD57C00D6C8C5 /* ShellScript */,
			);
			buildRules = (
			);
			dependencies = (
				97765476169DD57D00D6C8C5 /* PBXTargetDependency */,
			);
			name = GmailSlideShowTests;
			productName = GmailSlideShowTests;
			productReference = 9776546F169DD57C00D6C8C5 /* GmailSlideShowTests.octest */;
			productType = "com.apple.product-type.bundle";
		};
/* End PBXNativeTarget section */

/* Begin PBXProject section */
		97765446169DD57C00D6C8C5 /* Project object */ = {
			isa = PBXProject;
			attributes = {
				LastUpgradeCheck = 0420;
			};
			buildConfigurationList = 97765449169DD57C00D6C8C5 /* Build configuration list for PBXProject "GmailSlideShow" */;
			compatibilityVersion = "Xcode 3.2";
			developmentRegion = English;
			hasScannedForEncodings = 0;
			knownRegions = (
				en,
			);
			mainGroup = 97765444169DD57C00D6C8C5;
			productRefGroup = 97765450169DD57C00D6C8C5 /* Products */;
			projectDirPath = "";
			projectRoot = "";
			targets = (
				9776544E169DD57C00D6C8C5 /* GmailSlideShow */,
				9776546E169DD57C00D6C8C5 /* GmailSlideShowTests */,
			);
		};
/* End PBXProject section */

/* Begin PBXResourcesBuildPhase section */
		9776544D169DD57C00D6C8C5 /* Resources */ = {
			isa = PBXResourcesBuildPhase;
			buildActionMask = 2147483647;
			files = (
				97765460169DD57C00D6C8C5 /* InfoPlist.strings in Resources */,
			);
			runOnlyForDeploymentPostprocessing = 0;
		};
		9776546C169DD57C00D6C8C5 /* Resources */ = {
			isa = PBXResourcesBuildPhase;
			buildActionMask = 2147483647;
			files = (
				9776547C169DD57D00D6C8C5 /* InfoPlist.strings in Resources */,
			);
			runOnlyForDeploymentPostprocessing = 0;
		};
/* End PBXResourcesBuildPhase section */

/* Begin PBXShellScriptBuildPhase section */
		9776546D169DD57C00D6C8C5 /* ShellScript */ = {
			isa = PBXShellScriptBuildPhase;
			buildActionMask = 2147483647;
			files = (
			);
			inputPaths = (
			);
			outputPaths = (
			);
			runOnlyForDeploymentPostprocessing = 0;
			shellPath = /bin/sh;
			shellScript = "# Run the unit tests in this test bundle.\n\"${SYSTEM_DEVELOPER_DIR}/Tools/RunUnitTests\"\n";
		};
/* End PBXShellScriptBuildPhase section */

/* Begin PBXSourcesBuildPhase section */
		9776544B169DD57C00D6C8C5 /* Sources */ = {
			isa = PBXSourcesBuildPhase;
			buildActionMask = 2147483647;
			files = (
				97765462169DD57C00D6C8C5 /* main.m in Sources */,
				97765466169DD57C00D6C8C5 /* AppDelegate.m in Sources */,
				97765469169DD57C00D6C8C5 /* GmailSlideShow.xcdatamodeld in Sources */,
			);
			runOnlyForDeploymentPostprocessing = 0;
		};
		9776546A169DD57C00D6C8C5 /* Sources */ = {
			isa = PBXSourcesBuildPhase;
			buildActionMask = 2147483647;
			files = (
				9776547F169DD57D00D6C8C5 /* GmailSlideShowTests.m in Sources */,
			);
			runOnlyForDeploymentPostprocessing = 0;
		};
/* End PBXSourcesBuildPhase section */

/* Begin PBXTargetDependency section */
		97765476169DD57D00D6C8C5 /* PBXTargetDependency */ = {
			isa = PBXTargetDependency;
			target = 9776544E169DD57C00D6C8C5 /* GmailSlideShow */;
			targetProxy = 97765475169DD57D00D6C8C5 /* PBXContainerItemProxy */;
		};
/* End PBXTargetDependency section */

/* Begin PBXVariantGroup section */
		9776545E169DD57C00D6C8C5 /* InfoPlist.strings */ = {
			isa = PBXVariantGroup;
			children = (
				9776545F169DD57C00D6C8C5 /* en */,
			);
			name = InfoPlist.strings;
			sourceTree = "<group>";
		};
		9776547A169DD57D00D6C8C5 /* InfoPlist.strings */ = {
			isa = PBXVariantGroup;
			children = (
				9776547B169DD57D00D6C8C5 /* en */,
			);
			name = InfoPlist.strings;
			sourceTree = "<group>";
		};
/* End PBXVariantGroup section */

/* Begin XCBuildConfiguration section */
		97765480169DD57D00D6C8C5 /* Debug */ = {
			isa = XCBuildConfiguration;
			buildSettings = {
				ALWAYS_SEARCH_USER_PATHS = NO;
				ARCHS = "$(ARCHS_STANDARD_32_BIT)";
				CLANG_ENABLE_OBJC_ARC = YES;
				"CODE_SIGN_IDENTITY[sdk=iphoneos*]" = "iPhone Developer";
				COPY_PHASE_STRIP = NO;
				GCC_C_LANGUAGE_STANDARD = gnu99;
				GCC_DYNAMIC_NO_PIC = NO;
				GCC_OPTIMIZATION_LEVEL = 0;
				GCC_PREPROCESSOR_DEFINITIONS = (
					"DEBUG=1",
					"$(inherited)",
				);
				GCC_SYMBOLS_PRIVATE_EXTERN = NO;
				GCC_VERSION = com.apple.compilers.llvm.clang.1_0;
				GCC_WARN_ABOUT_MISSING_PROTOTYPES = YES;
				GCC_WARN_ABOUT_RETURN_TYPE = YES;
				GCC_WARN_UNUSED_VARIABLE = YES;
				IPHONEOS_DEPLOYMENT_TARGET = 6.0;
				SDKROOT = iphoneos;
				TARGETED_DEVICE_FAMILY = "1,2";
			};
			name = Debug;
		};
		97765481169DD57D00D6C8C5 /* Release */ = {
			isa = XCBuildConfiguration;
			buildSettings = {
				ALWAYS_SEARCH_USER_PATHS = NO;
				ARCHS = "$(ARCHS_STANDARD_32_BIT)";
				CLANG_ENABLE_OBJC_ARC = YES;
				"CODE_SIGN_IDENTITY[sdk=iphoneos*]" = "iPhone Developer";
				COPY_PHASE_STRIP = YES;
				GCC_C_LANGUAGE_STANDARD = gnu99;
				GCC_VERSION = com.apple.compilers.llvm.clang.1_0;
				GCC_WARN_ABOUT_MISSING_PROTOTYPES = YES;
				GCC_WARN_ABOUT_RETURN_TYPE = YES;
				GCC_WARN_UNUSED_VARIABLE = YES;
				IPHONEOS_DEPLOYMENT_TARGET = 6.0;
				OTHER_CFLAGS = "-DNS_BLOCK_ASSERTIONS=1";
				SDKROOT = iphoneos;
				TARGETED_DEVICE_FAMILY = "1,2";
				VALIDATE_PRODUCT = YES;
			};
			name = Release;
		};
		97765483169DD57D00D6C8C5 /* Debug */ = {
			isa = XCBuildConfiguration;
			buildSettings = {
				GCC_PRECOMPILE_PREFIX_HEADER = YES;
				GCC_PREFIX_HEADER = "GmailSlideShow/GmailSlideShow-Prefix.pch";
				INFOPLIST_FILE = "GmailSlideShow/GmailSlideShow-Info.plist";
				PRODUCT_NAME = "$(TARGET_NAME)";
				WRAPPER_EXTENSION = app;
			};
			name = Debug;
		};
		97765484169DD57D00D6C8C5 /* Release */ = {
			isa = XCBuildConfiguration;
			buildSettings = {
				GCC_PRECOMPILE_PREFIX_HEADER = YES;
				GCC_PREFIX_HEADER = "GmailSlideShow/GmailSlideShow-Prefix.pch";
				INFOPLIST_FILE = "GmailSlideShow/GmailSlideShow-Info.plist";
				PRODUCT_NAME = "$(TARGET_NAME)";
				WRAPPER_EXTENSION = app;
			};
			name = Release;
		};
		97765486169DD57D00D6C8C5 /* Debug */ = {
			isa = XCBuildConfiguration;
			buildSettings = {
				BUNDLE_LOADER = "$(BUILT_PRODUCTS_DIR)/GmailSlideShow.app/GmailSlideShow";
				FRAMEWORK_SEARCH_PATHS = (
					"$(SDKROOT)/Developer/Library/Frameworks",
					"$(DEVELOPER_LIBRARY_DIR)/Frameworks",
				);
				GCC_PRECOMPILE_PREFIX_HEADER = YES;
				GCC_PREFIX_HEADER = "GmailSlideShow/GmailSlideShow-Prefix.pch";
				INFOPLIST_FILE = "GmailSlideShowTests/GmailSlideShowTests-Info.plist";
				PRODUCT_NAME = "$(TARGET_NAME)";
				TEST_HOST = "$(BUNDLE_LOADER)";
				WRAPPER_EXTENSION = octest;
			};
			name = Debug;
		};
		97765487169DD57D00D6C8C5 /* Release */ = {
			isa = XCBuildConfiguration;
			buildSettings = {
				BUNDLE_LOADER = "$(BUILT_PRODUCTS_DIR)/GmailSlideShow.app/GmailSlideShow";
				FRAMEWORK_SEARCH_PATHS = (
					"$(SDKROOT)/Developer/Library/Frameworks",
					"$(DEVELOPER_LIBRARY_DIR)/Frameworks",
				);
				GCC_PRECOMPILE_PREFIX_HEADER = YES;
				GCC_PREFIX_HEADER = "GmailSlideShow/GmailSlideShow-Prefix.pch";
				INFOPLIST_FILE = "GmailSlideShowTests/GmailSlideShowTests-Info.plist";
				PRODUCT_NAME = "$(TARGET_NAME)";
				TEST_HOST = "$(BUNDLE_LOADER)";
				WRAPPER_EXTENSION = octest;
			};
			name = Release;
		};
/* End XCBuildConfiguration section */

/* Begin XCConfigurationList section */
		97765449169DD57C00D6C8C5 /* Build configuration list for PBXProject "GmailSlideShow" */ = {
			isa = XCConfigurationList;
			buildConfigurations = (
				97765480169DD57D00D6C8C5 /* Debug */,
				97765481169DD57D00D6C8C5 /* Release */,
			);
			defaultConfigurationIsVisible = 0;
			defaultConfigurationName = Release;
		};
		97765482169DD57D00D6C8C5 /* Build configuration list for PBXNativeTarget "GmailSlideShow" */ = {
			isa = XCConfigurationList;
			buildConfigurations = (
				97765483169DD57D00D6C8C5 /* Debug */,
				97765484169DD57D00D6C8C5 /* Release */,
			);
			defaultConfigurationIsVisible = 0;
		};
		97765485169DD57D00D6C8C5 /* Build configuration list for PBXNativeTarget "GmailSlideShowTests" */ = {
			isa = XCConfigurationList;
			buildConfigurations = (
				97765486169DD57D00D6C8C5 /* Debug */,
				97765487169DD57D00D6C8C5 /* Release */,
			);
			defaultConfigurationIsVisible = 0;
		};
/* End XCConfigurationList section */

/* Begin XCVersionGroup section */
		97765467169DD57C00D6C8C5 /* GmailSlideShow.xcdatamodeld */ = {
			isa = XCVersionGroup;
			children = (
				97765468169DD57C00D6C8C5 /* GmailSlideShow.xcdatamodel */,
			);
			currentVersion = 97765468169DD57C00D6C8C5 /* GmailSlideShow.xcdatamodel */;
			path = GmailSlideShow.xcdatamodeld;
			sourceTree = "<group>";
			versionGroupType = wrapper.xcdatamodel;
		};
/* End XCVersionGroup section */
	};
	rootObject = 97765446169DD57C00D6C8C5 /* Project object */;
}
